PODS:
  - Alamofire (3.3.1)
  - Moya (6.4.0):
    - Moya/Core (= 6.4.0)
  - Moya/Core (6.4.0):
    - Alamofire (~> 3.0)
    - Result (~> 2.0)
  - Result (2.0.0)
  - sqlite3 (3.12.2):
    - sqlite3/common (= 3.12.2)
  - sqlite3/common (3.12.2)
  - SwiftyDB (1.1.0):
    - TinySQLite (~> 0.3.0)
  - TinySQLite (0.3.1):
    - sqlite3

DEPENDENCIES:
  - Moya
  - SwiftyDB (~> 1.0)

SPEC CHECKSUMS:
  Alamofire: 369bc67b6f5ac33ded3648d7bd21c5bfb91c2ecc
  Moya: 4d526954c8afd79820991393d40d7d8af756ceee
  Result: 9e75e1111c774c6ac594e14907b15057053a7959
  sqlite3: 5724400abcbfbc8d13c60d6a4123361faf0c62e3
  SwiftyDB: dd44cb66cf33307951ca6c4a44e6007f5e3b7e33
  TinySQLite: b27a26c4676a41f045f56e0d94ccc4bce9a1a87f

PODFILE CHECKSUM: dd0de76439393716f947135af78b0f673b3e3a16

COCOAPODS: 1.0.0.beta.3
