// !$*UTF8*$!
{
	archiveVersion = 1;
	classes = {
	};
	objectVersion = 46;
	objects = {

/* Begin PBXBuildFile section */
		1B9FA1E71CA578FB00C584AF /* AppDelegate.swift in Sources */ = {isa = PBXBuildFile; fileRef = 1B9FA1E61CA578FB00C584AF /* AppDelegate.swift */; };
		1B9FA1E91CA578FB00C584AF /* BotListViewController.swift in Sources */ = {isa = PBXBuildFile; fileRef = 1B9FA1E81CA578FB00C584AF /* BotListViewController.swift */; };
		1B9FA1EC1CA578FB00C584AF /* Main.storyboard in Resources */ = {isa = PBXBuildFile; fileRef = 1B9FA1EA1CA578FB00C584AF /* Main.storyboard */; };
		1B9FA1EE1CA578FB00C584AF /* Assets.xcassets in Resources */ = {isa = PBXBuildFile; fileRef = 1B9FA1ED1CA578FB00C584AF /* Assets.xcassets */; };
		1B9FA1F11CA578FB00C584AF /* LaunchScreen.storyboard in Resources */ = {isa = PBXBuildFile; fileRef = 1B9FA1EF1CA578FB00C584AF /* LaunchScreen.storyboard */; };
		1B9FA1FC1CA578FB00C584AF /* BotStorageDefaultsTests.swift in Sources */ = {isa = PBXBuildFile; fileRef = 1B9FA1FB1CA578FB00C584AF /* BotStorageDefaultsTests.swift */; };
		1B9FA2101CA57F9200C584AF /* BotCellViewModel.swift in Sources */ = {isa = PBXBuildFile; fileRef = 1B9FA20F1CA57F9200C584AF /* BotCellViewModel.swift */; };
		1B9FA2131CA57FDD00C584AF /* Bot.swift in Sources */ = {isa = PBXBuildFile; fileRef = 1B9FA2121CA57FDD00C584AF /* Bot.swift */; };
		1B9FA2161CA57FF400C584AF /* BotStorage.swift in Sources */ = {isa = PBXBuildFile; fileRef = 1B9FA2151CA57FF400C584AF /* BotStorage.swift */; };
		1B9FA21B1CA5899E00C584AF /* TextPresentable.swift in Sources */ = {isa = PBXBuildFile; fileRef = 1B9FA21A1CA5899E00C584AF /* TextPresentable.swift */; };
		1B9FA21E1CA5971A00C584AF /* BotStorageDefaults.swift in Sources */ = {isa = PBXBuildFile; fileRef = 1B9FA21D1CA5971A00C584AF /* BotStorageDefaults.swift */; };
		1BCF99CF1CAABE36000AAACE /* BotListViewModel.swift in Sources */ = {isa = PBXBuildFile; fileRef = 1BCF99CE1CAABE36000AAACE /* BotListViewModel.swift */; };
		1BCF99D11CAAC164000AAACE /* BotCellViewModelTests.swift in Sources */ = {isa = PBXBuildFile; fileRef = 1BCF99D01CAAC164000AAACE /* BotCellViewModelTests.swift */; };
		1BCF99D31CAAC347000AAACE /* BotListViewModelTests.swift in Sources */ = {isa = PBXBuildFile; fileRef = 1BCF99D21CAAC347000AAACE /* BotListViewModelTests.swift */; };
		1BCF99D51CAADC99000AAACE /* BotListTableViewCell.swift in Sources */ = {isa = PBXBuildFile; fileRef = 1BCF99D41CAADC99000AAACE /* BotListTableViewCell.swift */; };
		1BCF99D91CABD013000AAACE /* BotListViewControllerTests.swift in Sources */ = {isa = PBXBuildFile; fileRef = 1BCF99D81CABD013000AAACE /* BotListViewControllerTests.swift */; };
		1BCF99E81CABD25D000AAACE /* BotStorageMock.swift in Sources */ = {isa = PBXBuildFile; fileRef = 1BCF99E71CABD25D000AAACE /* BotStorageMock.swift */; };
		1BCF99EC1CABF5ED000AAACE /* ThemeManager.swift in Sources */ = {isa = PBXBuildFile; fileRef = 1BCF99EB1CABF5ED000AAACE /* ThemeManager.swift */; };
		1BCF99EE1CAC0CB9000AAACE /* CircularAddButton.swift in Sources */ = {isa = PBXBuildFile; fileRef = 1BCF99ED1CAC0CB9000AAACE /* CircularAddButton.swift */; };
/* End PBXBuildFile section */

/* Begin PBXContainerItemProxy section */
		1B9FA1F81CA578FB00C584AF /* PBXContainerItemProxy */ = {
			isa = PBXContainerItemProxy;
			containerPortal = 1B9FA1DB1CA578FB00C584AF /* Project object */;
			proxyType = 1;
			remoteGlobalIDString = 1B9FA1E21CA578FB00C584AF;
			remoteInfo = TelegramBotManager;
		};
/* End PBXContainerItemProxy section */

/* Begin PBXFileReference section */
		1B9FA1E31CA578FB00C584AF /* TelegramBotManager.app */ = {isa = PBXFileReference; explicitFileType = wrapper.application; includeInIndex = 0; path = TelegramBotManager.app; sourceTree = BUILT_PRODUCTS_DIR; };
		1B9FA1E61CA578FB00C584AF /* AppDelegate.swift */ = {isa = PBXFileReference; lastKnownFileType = sourcecode.swift; path = AppDelegate.swift; sourceTree = "<group>"; };
		1B9FA1E81CA578FB00C584AF /* BotListViewController.swift */ = {isa = PBXFileReference; lastKnownFileType = sourcecode.swift; path = BotListViewController.swift; sourceTree = "<group>"; };
		1B9FA1EB1CA578FB00C584AF /* Base */ = {isa = PBXFileReference; lastKnownFileType = file.storyboard; name = Base; path = Base.lproj/Main.storyboard; sourceTree = "<group>"; };
		1B9FA1ED1CA578FB00C584AF /* Assets.xcassets */ = {isa = PBXFileReference; lastKnownFileType = folder.assetcatalog; path = Assets.xcassets; sourceTree = "<group>"; };
		1B9FA1F01CA578FB00C584AF /* Base */ = {isa = PBXFileReference; lastKnownFileType = file.storyboard; name = Base; path = Base.lproj/LaunchScreen.storyboard; sourceTree = "<group>"; };
		1B9FA1F21CA578FB00C584AF /* Info.plist */ = {isa = PBXFileReference; lastKnownFileType = text.plist.xml; path = Info.plist; sourceTree = "<group>"; };
		1B9FA1F71CA578FB00C584AF /* TelegramBotManagerTests.xctest */ = {isa = PBXFileReference; explicitFileType = wrapper.cfbundle; includeInIndex = 0; path = TelegramBotManagerTests.xctest; sourceTree = BUILT_PRODUCTS_DIR; };
		1B9FA1FB1CA578FB00C584AF /* BotStorageDefaultsTests.swift */ = {isa = PBXFileReference; lastKnownFileType = sourcecode.swift; path = BotStorageDefaultsTests.swift; sourceTree = "<group>"; };
		1B9FA1FD1CA578FB00C584AF /* Info.plist */ = {isa = PBXFileReference; lastKnownFileType = text.plist.xml; path = Info.plist; sourceTree = "<group>"; };
		1B9FA20F1CA57F9200C584AF /* BotCellViewModel.swift */ = {isa = PBXFileReference; fileEncoding = 4; lastKnownFileType = sourcecode.swift; path = BotCellViewModel.swift; sourceTree = "<group>"; };
		1B9FA2121CA57FDD00C584AF /* Bot.swift */ = {isa = PBXFileReference; fileEncoding = 4; lastKnownFileType = sourcecode.swift; path = Bot.swift; sourceTree = "<group>"; };
		1B9FA2151CA57FF400C584AF /* BotStorage.swift */ = {isa = PBXFileReference; fileEncoding = 4; lastKnownFileType = sourcecode.swift; path = BotStorage.swift; sourceTree = "<group>"; };
		1B9FA21A1CA5899E00C584AF /* TextPresentable.swift */ = {isa = PBXFileReference; fileEncoding = 4; lastKnownFileType = sourcecode.swift; path = TextPresentable.swift; sourceTree = "<group>"; };
		1B9FA21D1CA5971A00C584AF /* BotStorageDefaults.swift */ = {isa = PBXFileReference; fileEncoding = 4; lastKnownFileType = sourcecode.swift; path = BotStorageDefaults.swift; sourceTree = "<group>"; };
		1BCF99CE1CAABE36000AAACE /* BotListViewModel.swift */ = {isa = PBXFileReference; fileEncoding = 4; lastKnownFileType = sourcecode.swift; path = BotListViewModel.swift; sourceTree = "<group>"; };
		1BCF99D01CAAC164000AAACE /* BotCellViewModelTests.swift */ = {isa = PBXFileReference; fileEncoding = 4; lastKnownFileType = sourcecode.swift; path = BotCellViewModelTests.swift; sourceTree = "<group>"; };
		1BCF99D21CAAC347000AAACE /* BotListViewModelTests.swift */ = {isa = PBXFileReference; fileEncoding = 4; lastKnownFileType = sourcecode.swift; path = BotListViewModelTests.swift; sourceTree = "<group>"; };
		1BCF99D41CAADC99000AAACE /* BotListTableViewCell.swift */ = {isa = PBXFileReference; fileEncoding = 4; lastKnownFileType = sourcecode.swift; path = BotListTableViewCell.swift; sourceTree = "<group>"; };
		1BCF99D81CABD013000AAACE /* BotListViewControllerTests.swift */ = {isa = PBXFileReference; fileEncoding = 4; lastKnownFileType = sourcecode.swift; path = BotListViewControllerTests.swift; sourceTree = "<group>"; };
		1BCF99E71CABD25D000AAACE /* BotStorageMock.swift */ = {isa = PBXFileReference; fileEncoding = 4; lastKnownFileType = sourcecode.swift; path = BotStorageMock.swift; sourceTree = "<group>"; };
		1BCF99EB1CABF5ED000AAACE /* ThemeManager.swift */ = {isa = PBXFileReference; fileEncoding = 4; lastKnownFileType = sourcecode.swift; path = ThemeManager.swift; sourceTree = "<group>"; };
		1BCF99ED1CAC0CB9000AAACE /* CircularAddButton.swift */ = {isa = PBXFileReference; fileEncoding = 4; lastKnownFileType = sourcecode.swift; path = CircularAddButton.swift; sourceTree = "<group>"; };
/* End PBXFileReference section */

/* Begin PBXFrameworksBuildPhase section */
		1B9FA1E01CA578FB00C584AF /* Frameworks */ = {
			isa = PBXFrameworksBuildPhase;
			buildActionMask = 2147483647;
			files = (
			);
			runOnlyForDeploymentPostprocessing = 0;
		};
		1B9FA1F41CA578FB00C584AF /* Frameworks */ = {
			isa = PBXFrameworksBuildPhase;
			buildActionMask = 2147483647;
			files = (
			);
			runOnlyForDeploymentPostprocessing = 0;
		};
/* End PBXFrameworksBuildPhase section */

/* Begin PBXGroup section */
		1B9FA1DA1CA578FB00C584AF = {
			isa = PBXGroup;
			children = (
				1B9FA1E51CA578FB00C584AF /* TelegramBotManager */,
				1B9FA1FA1CA578FB00C584AF /* TelegramBotManagerTests */,
				1B9FA1E41CA578FB00C584AF /* Products */,
			);
			sourceTree = "<group>";
		};
		1B9FA1E41CA578FB00C584AF /* Products */ = {
			isa = PBXGroup;
			children = (
				1B9FA1E31CA578FB00C584AF /* TelegramBotManager.app */,
				1B9FA1F71CA578FB00C584AF /* TelegramBotManagerTests.xctest */,
			);
			name = Products;
			sourceTree = "<group>";
		};
		1B9FA1E51CA578FB00C584AF /* TelegramBotManager */ = {
			isa = PBXGroup;
			children = (
				1B9FA1E61CA578FB00C584AF /* AppDelegate.swift */,
				1B9FA1EA1CA578FB00C584AF /* Main.storyboard */,
				1B9FA1EF1CA578FB00C584AF /* LaunchScreen.storyboard */,
				1B9FA20B1CA57F2800C584AF /* Views */,
				1B9FA20A1CA57F1D00C584AF /* ViewControllers */,
				1B9FA2091CA57F1300C584AF /* ViewModels */,
				1B9FA2061CA5794C00C584AF /* Models */,
				1B9FA2081CA5798A00C584AF /* Services */,
				1B9FA2181CA588EB00C584AF /* Protocols */,
				1B9FA1ED1CA578FB00C584AF /* Assets.xcassets */,
				1B9FA1F21CA578FB00C584AF /* Info.plist */,
			);
			path = TelegramBotManager;
			sourceTree = "<group>";
		};
		1B9FA1FA1CA578FB00C584AF /* TelegramBotManagerTests */ = {
			isa = PBXGroup;
			children = (
				1BCF99E61CABD24B000AAACE /* Mocks */,
				1B9FA1FD1CA578FB00C584AF /* Info.plist */,
				1B9FA1FB1CA578FB00C584AF /* BotStorageDefaultsTests.swift */,
				1BCF99D01CAAC164000AAACE /* BotCellViewModelTests.swift */,
				1BCF99D21CAAC347000AAACE /* BotListViewModelTests.swift */,
				1BCF99D81CABD013000AAACE /* BotListViewControllerTests.swift */,
			);
			path = TelegramBotManagerTests;
			sourceTree = "<group>";
		};
		1B9FA2061CA5794C00C584AF /* Models */ = {
			isa = PBXGroup;
			children = (
				1B9FA2121CA57FDD00C584AF /* Bot.swift */,
			);
			name = Models;
			sourceTree = "<group>";
		};
		1B9FA2081CA5798A00C584AF /* Services */ = {
			isa = PBXGroup;
			children = (
				1B9FA2151CA57FF400C584AF /* BotStorage.swift */,
				1B9FA21D1CA5971A00C584AF /* BotStorageDefaults.swift */,
				1BCF99EB1CABF5ED000AAACE /* ThemeManager.swift */,
			);
			name = Services;
			sourceTree = "<group>";
		};
		1B9FA2091CA57F1300C584AF /* ViewModels */ = {
			isa = PBXGroup;
			children = (
				1BCF99CE1CAABE36000AAACE /* BotListViewModel.swift */,
				1B9FA20F1CA57F9200C584AF /* BotCellViewModel.swift */,
			);
			name = ViewModels;
			sourceTree = "<group>";
		};
		1B9FA20A1CA57F1D00C584AF /* ViewControllers */ = {
			isa = PBXGroup;
			children = (
				1B9FA1E81CA578FB00C584AF /* BotListViewController.swift */,
			);
			name = ViewControllers;
			sourceTree = "<group>";
		};
		1B9FA20B1CA57F2800C584AF /* Views */ = {
			isa = PBXGroup;
			children = (
				1BCF99D41CAADC99000AAACE /* BotListTableViewCell.swift */,
				1BCF99ED1CAC0CB9000AAACE /* CircularAddButton.swift */,
			);
			name = Views;
			sourceTree = "<group>";
		};
		1B9FA2181CA588EB00C584AF /* Protocols */ = {
			isa = PBXGroup;
			children = (
				1B9FA21A1CA5899E00C584AF /* TextPresentable.swift */,
			);
			name = Protocols;
			sourceTree = "<group>";
		};
		1BCF99E61CABD24B000AAACE /* Mocks */ = {
			isa = PBXGroup;
			children = (
				1BCF99E71CABD25D000AAACE /* BotStorageMock.swift */,
			);
			name = Mocks;
			sourceTree = "<group>";
		};
/* End PBXGroup section */

/* Begin PBXNativeTarget section */
		1B9FA1E21CA578FB00C584AF /* TelegramBotManager */ = {
			isa = PBXNativeTarget;
			buildConfigurationList = 1B9FA2001CA578FB00C584AF /* Build configuration list for PBXNativeTarget "TelegramBotManager" */;
			buildPhases = (
				1B9FA1DF1CA578FB00C584AF /* Sources */,
				1B9FA1E01CA578FB00C584AF /* Frameworks */,
				1B9FA1E11CA578FB00C584AF /* Resources */,
			);
			buildRules = (
			);
			dependencies = (
			);
			name = TelegramBotManager;
			productName = TelegramBotManager;
			productReference = 1B9FA1E31CA578FB00C584AF /* TelegramBotManager.app */;
			productType = "com.apple.product-type.application";
		};
		1B9FA1F61CA578FB00C584AF /* TelegramBotManagerTests */ = {
			isa = PBXNativeTarget;
			buildConfigurationList = 1B9FA2031CA578FB00C584AF /* Build configuration list for PBXNativeTarget "TelegramBotManagerTests" */;
			buildPhases = (
				1B9FA1F31CA578FB00C584AF /* Sources */,
				1B9FA1F41CA578FB00C584AF /* Frameworks */,
				1B9FA1F51CA578FB00C584AF /* Resources */,
			);
			buildRules = (
			);
			dependencies = (
				1B9FA1F91CA578FB00C584AF /* PBXTargetDependency */,
			);
			name = TelegramBotManagerTests;
			productName = TelegramBotManagerTests;
			productReference = 1B9FA1F71CA578FB00C584AF /* TelegramBotManagerTests.xctest */;
			productType = "com.apple.product-type.bundle.unit-test";
		};
/* End PBXNativeTarget section */

/* Begin PBXProject section */
		1B9FA1DB1CA578FB00C584AF /* Project object */ = {
			isa = PBXProject;
			attributes = {
				LastSwiftUpdateCheck = 0730;
				LastUpgradeCheck = 0730;
				ORGANIZATIONNAME = membersheep;
				TargetAttributes = {
					1B9FA1E21CA578FB00C584AF = {
						CreatedOnToolsVersion = 7.3;
					};
					1B9FA1F61CA578FB00C584AF = {
						CreatedOnToolsVersion = 7.3;
						TestTargetID = 1B9FA1E21CA578FB00C584AF;
					};
				};
			};
			buildConfigurationList = 1B9FA1DE1CA578FB00C584AF /* Build configuration list for PBXProject "TelegramBotManager" */;
			compatibilityVersion = "Xcode 3.2";
			developmentRegion = English;
			hasScannedForEncodings = 0;
			knownRegions = (
				en,
				Base,
			);
			mainGroup = 1B9FA1DA1CA578FB00C584AF;
			productRefGroup = 1B9FA1E41CA578FB00C584AF /* Products */;
			projectDirPath = "";
			projectRoot = "";
			targets = (
				1B9FA1E21CA578FB00C584AF /* TelegramBotManager */,
				1B9FA1F61CA578FB00C584AF /* TelegramBotManagerTests */,
			);
		};
/* End PBXProject section */

/* Begin PBXResourcesBuildPhase section */
		1B9FA1E11CA578FB00C584AF /* Resources */ = {
			isa = PBXResourcesBuildPhase;
			buildActionMask = 2147483647;
			files = (
				1B9FA1F11CA578FB00C584AF /* LaunchScreen.storyboard in Resources */,
				1B9FA1EE1CA578FB00C584AF /* Assets.xcassets in Resources */,
				1B9FA1EC1CA578FB00C584AF /* Main.storyboard in Resources */,
			);
			runOnlyForDeploymentPostprocessing = 0;
		};
		1B9FA1F51CA578FB00C584AF /* Resources */ = {
			isa = PBXResourcesBuildPhase;
			buildActionMask = 2147483647;
			files = (
			);
			runOnlyForDeploymentPostprocessing = 0;
		};
/* End PBXResourcesBuildPhase section */

/* Begin PBXSourcesBuildPhase section */
		1B9FA1DF1CA578FB00C584AF /* Sources */ = {
			isa = PBXSourcesBuildPhase;
			buildActionMask = 2147483647;
			files = (
				1B9FA21B1CA5899E00C584AF /* TextPresentable.swift in Sources */,
				1B9FA1E91CA578FB00C584AF /* BotListViewController.swift in Sources */,
				1B9FA2161CA57FF400C584AF /* BotStorage.swift in Sources */,
				1BCF99EE1CAC0CB9000AAACE /* CircularAddButton.swift in Sources */,
				1BCF99D51CAADC99000AAACE /* BotListTableViewCell.swift in Sources */,
				1B9FA21E1CA5971A00C584AF /* BotStorageDefaults.swift in Sources */,
				1B9FA2101CA57F9200C584AF /* BotCellViewModel.swift in Sources */,
				1B9FA1E71CA578FB00C584AF /* AppDelegate.swift in Sources */,
				1BCF99EC1CABF5ED000AAACE /* ThemeManager.swift in Sources */,
				1BCF99CF1CAABE36000AAACE /* BotListViewModel.swift in Sources */,
				1B9FA2131CA57FDD00C584AF /* Bot.swift in Sources */,
			);
			runOnlyForDeploymentPostprocessing = 0;
		};
		1B9FA1F31CA578FB00C584AF /* Sources */ = {
			isa = PBXSourcesBuildPhase;
			buildActionMask = 2147483647;
			files = (
				1BCF99E81CABD25D000AAACE /* BotStorageMock.swift in Sources */,
				1BCF99D91CABD013000AAACE /* BotListViewControllerTests.swift in Sources */,
				1BCF99D11CAAC164000AAACE /* BotCellViewModelTests.swift in Sources */,
				1B9FA1FC1CA578FB00C584AF /* BotStorageDefaultsTests.swift in Sources */,
				1BCF99D31CAAC347000AAACE /* BotListViewModelTests.swift in Sources */,
			);
			runOnlyForDeploymentPostprocessing = 0;
		};
/* End PBXSourcesBuildPhase section */

/* Begin PBXTargetDependency section */
		1B9FA1F91CA578FB00C584AF /* PBXTargetDependency */ = {
			isa = PBXTargetDependency;
			target = 1B9FA1E21CA578FB00C584AF /* TelegramBotManager */;
			targetProxy = 1B9FA1F81CA578FB00C584AF /* PBXContainerItemProxy */;
		};
/* End PBXTargetDependency section */

/* Begin PBXVariantGroup section */
		1B9FA1EA1CA578FB00C584AF /* Main.storyboard */ = {
			isa = PBXVariantGroup;
			children = (
				1B9FA1EB1CA578FB00C584AF /* Base */,
			);
			name = Main.storyboard;
			sourceTree = "<group>";
		};
		1B9FA1EF1CA578FB00C584AF /* LaunchScreen.storyboard */ = {
			isa = PBXVariantGroup;
			children = (
				1B9FA1F01CA578FB00C584AF /* Base */,
			);
			name = LaunchScreen.storyboard;
			sourceTree = "<group>";
		};
/* End PBXVariantGroup section */

/* Begin XCBuildConfiguration section */
		1B9FA1FE1CA578FB00C584AF /* Debug */ = {
			isa = XCBuildConfiguration;
			buildSettings = {
				ALWAYS_SEARCH_USER_PATHS = NO;
				CLANG_ANALYZER_NONNULL = YES;
				CLANG_CXX_LANGUAGE_STANDARD = "gnu++0x";
				CLANG_CXX_LIBRARY = "libc++";
				CLANG_ENABLE_MODULES = YES;
				CLANG_ENABLE_OBJC_ARC = YES;
				CLANG_WARN_BOOL_CONVERSION = YES;
				CLANG_WARN_CONSTANT_CONVERSION = YES;
				CLANG_WARN_DIRECT_OBJC_ISA_USAGE = YES_ERROR;
				CLANG_WARN_EMPTY_BODY = YES;
				CLANG_WARN_ENUM_CONVERSION = YES;
				CLANG_WARN_INT_CONVERSION = YES;
				CLANG_WARN_OBJC_ROOT_CLASS = YES_ERROR;
				CLANG_WARN_UNREACHABLE_CODE = YES;
				CLANG_WARN__DUPLICATE_METHOD_MATCH = YES;
				"CODE_SIGN_IDENTITY[sdk=iphoneos*]" = "iPhone Developer";
				COPY_PHASE_STRIP = NO;
				DEBUG_INFORMATION_FORMAT = dwarf;
				ENABLE_STRICT_OBJC_MSGSEND = YES;
				ENABLE_TESTABILITY = YES;
				GCC_C_LANGUAGE_STANDARD = gnu99;
				GCC_DYNAMIC_NO_PIC = NO;
				GCC_NO_COMMON_BLOCKS = YES;
				GCC_OPTIMIZATION_LEVEL = 0;
				GCC_PREPROCESSOR_DEFINITIONS = (
					"DEBUG=1",
					"$(inherited)",
				);
				GCC_WARN_64_TO_32_BIT_CONVERSION = YES;
				GCC_WARN_ABOUT_RETURN_TYPE = YES_ERROR;
				GCC_WARN_UNDECLARED_SELECTOR = YES;
				GCC_WARN_UNINITIALIZED_AUTOS = YES_AGGRESSIVE;
				GCC_WARN_UNUSED_FUNCTION = YES;
				GCC_WARN_UNUSED_VARIABLE = YES;
				IPHONEOS_DEPLOYMENT_TARGET = 9.3;
				MTL_ENABLE_DEBUG_INFO = YES;
				ONLY_ACTIVE_ARCH = YES;
				SDKROOT = iphoneos;
				SWIFT_OPTIMIZATION_LEVEL = "-Onone";
				TARGETED_DEVICE_FAMILY = "1,2";
			};
			name = Debug;
		};
		1B9FA1FF1CA578FB00C584AF /* Release */ = {
			isa = XCBuildConfiguration;
			buildSettings = {
				ALWAYS_SEARCH_USER_PATHS = NO;
				CLANG_ANALYZER_NONNULL = YES;
				CLANG_CXX_LANGUAGE_STANDARD = "gnu++0x";
				CLANG_CXX_LIBRARY = "libc++";
				CLANG_ENABLE_MODULES = YES;
				CLANG_ENABLE_OBJC_ARC = YES;
				CLANG_WARN_BOOL_CONVERSION = YES;
				CLANG_WARN_CONSTANT_CONVERSION = YES;
				CLANG_WARN_DIRECT_OBJC_ISA_USAGE = YES_ERROR;
				CLANG_WARN_EMPTY_BODY = YES;
				CLANG_WARN_ENUM_CONVERSION = YES;
				CLANG_WARN_INT_CONVERSION = YES;
				CLANG_WARN_OBJC_ROOT_CLASS = YES_ERROR;
				CLANG_WARN_UNREACHABLE_CODE = YES;
				CLANG_WARN__DUPLICATE_METHOD_MATCH = YES;
				"CODE_SIGN_IDENTITY[sdk=iphoneos*]" = "iPhone Developer";
				COPY_PHASE_STRIP = NO;
				DEBUG_INFORMATION_FORMAT = "dwarf-with-dsym";
				ENABLE_NS_ASSERTIONS = NO;
				ENABLE_STRICT_OBJC_MSGSEND = YES;
				GCC_C_LANGUAGE_STANDARD = gnu99;
				GCC_NO_COMMON_BLOCKS = YES;
				GCC_WARN_64_TO_32_BIT_CONVERSION = YES;
				GCC_WARN_ABOUT_RETURN_TYPE = YES_ERROR;
				GCC_WARN_UNDECLARED_SELECTOR = YES;
				GCC_WARN_UNINITIALIZED_AUTOS = YES_AGGRESSIVE;
				GCC_WARN_UNUSED_FUNCTION = YES;
				GCC_WARN_UNUSED_VARIABLE = YES;
				IPHONEOS_DEPLOYMENT_TARGET = 9.3;
				MTL_ENABLE_DEBUG_INFO = NO;
				SDKROOT = iphoneos;
				TARGETED_DEVICE_FAMILY = "1,2";
				VALIDATE_PRODUCT = YES;
			};
			name = Release;
		};
		1B9FA2011CA578FB00C584AF /* Debug */ = {
			isa = XCBuildConfiguration;
			buildSettings = {
				ASSETCATALOG_COMPILER_APPICON_NAME = AppIcon;
				INFOPLIST_FILE = TelegramBotManager/Info.plist;
				LD_RUNPATH_SEARCH_PATHS = "$(inherited) @executable_path/Frameworks";
				PRODUCT_BUNDLE_IDENTIFIER = mem.TelegramBotManager;
				PRODUCT_NAME = "$(TARGET_NAME)";
			};
			name = Debug;
		};
		1B9FA2021CA578FB00C584AF /* Release */ = {
			isa = XCBuildConfiguration;
			buildSettings = {
				ASSETCATALOG_COMPILER_APPICON_NAME = AppIcon;
				INFOPLIST_FILE = TelegramBotManager/Info.plist;
				LD_RUNPATH_SEARCH_PATHS = "$(inherited) @executable_path/Frameworks";
				PRODUCT_BUNDLE_IDENTIFIER = mem.TelegramBotManager;
				PRODUCT_NAME = "$(TARGET_NAME)";
			};
			name = Release;
		};
		1B9FA2041CA578FB00C584AF /* Debug */ = {
			isa = XCBuildConfiguration;
			buildSettings = {
				BUNDLE_LOADER = "$(TEST_HOST)";
				INFOPLIST_FILE = TelegramBotManagerTests/Info.plist;
				LD_RUNPATH_SEARCH_PATHS = "$(inherited) @executable_path/Frameworks @loader_path/Frameworks";
				PRODUCT_BUNDLE_IDENTIFIER = mem.TelegramBotManagerTests;
				PRODUCT_NAME = "$(TARGET_NAME)";
				TEST_HOST = "$(BUILT_PRODUCTS_DIR)/TelegramBotManager.app/TelegramBotManager";
			};
			name = Debug;
		};
		1B9FA2051CA578FB00C584AF /* Release */ = {
			isa = XCBuildConfiguration;
			buildSettings = {
				BUNDLE_LOADER = "$(TEST_HOST)";
				INFOPLIST_FILE = TelegramBotManagerTests/Info.plist;
				LD_RUNPATH_SEARCH_PATHS = "$(inherited) @executable_path/Frameworks @loader_path/Frameworks";
				PRODUCT_BUNDLE_IDENTIFIER = mem.TelegramBotManagerTests;
				PRODUCT_NAME = "$(TARGET_NAME)";
				TEST_HOST = "$(BUILT_PRODUCTS_DIR)/TelegramBotManager.app/TelegramBotManager";
			};
			name = Release;
		};
/* End XCBuildConfiguration section */

/* Begin XCConfigurationList section */
		1B9FA1DE1CA578FB00C584AF /* Build configuration list for PBXProject "TelegramBotManager" */ = {
			isa = XCConfigurationList;
			buildConfigurations = (
				1B9FA1FE1CA578FB00C584AF /* Debug */,
				1B9FA1FF1CA578FB00C584AF /* Release */,
			);
			defaultConfigurationIsVisible = 0;
			defaultConfigurationName = Release;
		};
		1B9FA2001CA578FB00C584AF /* Build configuration list for PBXNativeTarget "TelegramBotManager" */ = {
			isa = XCConfigurationList;
			buildConfigurations = (
				1B9FA2011CA578FB00C584AF /* Debug */,
				1B9FA2021CA578FB00C584AF /* Release */,
			);
			defaultConfigurationIsVisible = 0;
			defaultConfigurationName = Release;
		};
		1B9FA2031CA578FB00C584AF /* Build configuration list for PBXNativeTarget "TelegramBotManagerTests" */ = {
			isa = XCConfigurationList;
			buildConfigurations = (
				1B9FA2041CA578FB00C584AF /* Debug */,
				1B9FA2051CA578FB00C584AF /* Release */,
			);
			defaultConfigurationIsVisible = 0;
			defaultConfigurationName = Release;
		};
/* End XCConfigurationList section */
	};
	rootObject = 1B9FA1DB1CA578FB00C584AF /* Project object */;
}
